
Microsoft Visual Studio Solution File, Format Version 12.00
# Visual Studio Version 16
VisualStudioVersion = 16.0.30309.148
MinimumVisualStudioVersion = 10.0.40219.1
Project("{2150E333-8FDC-42A3-9474-1A3956D46DE8}") = "Application", "Application", "{8ACD04DE-5DB2-49F3-B9A4-06497EE136DE}"
EndProject
Project("{2150E333-8FDC-42A3-9474-1A3956D46DE8}") = "Domain", "Domain", "{4CD6754C-44A3-46DD-ACCC-06C3F79D1A89}"
EndProject
Project("{2150E333-8FDC-42A3-9474-1A3956D46DE8}") = "Infrastructure.IoC", "Infrastructure.IoC", "{6F2C350F-D490-4CD1-9987-823B6CC24784}"
EndProject
Project("{2150E333-8FDC-42A3-9474-1A3956D46DE8}") = "Infrastructure.Data", "Infrastructure.Data", "{1F38D865-B3CC-4739-9B68-5D7A48EBEA85}"
EndProject
Project("{2150E333-8FDC-42A3-9474-1A3956D46DE8}") = "Presentation", "Presentation", "{DE6394CF-B0E3-414E-83AE-6FD163F0826E}"
EndProject
Project("{9A19103F-16F7-4668-BE54-9A1E7A4F7556}") = "CleanArch.MVC", "CleanArch.MVC\CleanArch.MVC.csproj", "{87AF9BC5-FA0B-43D4-9475-EE77BAA85486}"
EndProject
Project("{9A19103F-16F7-4668-BE54-9A1E7A4F7556}") = "CleanArch.Domain", "CleanArch.Domain\CleanArch.Domain.csproj", "{43D380F9-4288-4B70-9B97-6C853EDD45FB}"
EndProject
Project("{9A19103F-16F7-4668-BE54-9A1E7A4F7556}") = "CleanArch.Infrastructure.Data", "CleanArch.Infrastructure.Data\CleanArch.Infrastructure.Data.csproj", "{9E7A5939-DDC6-4E14-B260-E19DA4D66ED4}"
EndProject
Project("{FAE04EC0-301F-11D3-BF4B-00C04F79EFBC}") = "CleanArch.Application", "CleanArch.Application\CleanArch.Application.csproj", "{4B019A62-D2DA-4AE2-9589-BE770E5774CA}"
EndProject
Global
	GlobalSection(SolutionConfigurationPlatforms) = preSolution
		Debug|Any CPU = Debug|Any CPU
		Release|Any CPU = Release|Any CPU
	EndGlobalSection
	GlobalSection(ProjectConfigurationPlatforms) = postSolution
		{87AF9BC5-FA0B-43D4-9475-EE77BAA85486}.Debug|Any CPU.ActiveCfg = Debug|Any CPU
		{87AF9BC5-FA0B-43D4-9475-EE77BAA85486}.Debug|Any CPU.Build.0 = Debug|Any CPU
		{87AF9BC5-FA0B-43D4-9475-EE77BAA85486}.Release|Any CPU.ActiveCfg = Release|Any CPU
		{87AF9BC5-FA0B-43D4-9475-EE77BAA85486}.Release|Any CPU.Build.0 = Release|Any CPU
		{43D380F9-4288-4B70-9B97-6C853EDD45FB}.Debug|Any CPU.ActiveCfg = Debug|Any CPU
		{43D380F9-4288-4B70-9B97-6C853EDD45FB}.Debug|Any CPU.Build.0 = Debug|Any CPU
		{43D380F9-4288-4B70-9B97-6C853EDD45FB}.Release|Any CPU.ActiveCfg = Release|Any CPU
		{43D380F9-4288-4B70-9B97-6C853EDD45FB}.Release|Any CPU.Build.0 = Release|Any CPU
		{9E7A5939-DDC6-4E14-B260-E19DA4D66ED4}.Debug|Any CPU.ActiveCfg = Debug|Any CPU
		{9E7A5939-DDC6-4E14-B260-E19DA4D66ED4}.Debug|Any CPU.Build.0 = Debug|Any CPU
		{9E7A5939-DDC6-4E14-B260-E19DA4D66ED4}.Release|Any CPU.ActiveCfg = Release|Any CPU
		{9E7A5939-DDC6-4E14-B260-E19DA4D66ED4}.Release|Any CPU.Build.0 = Release|Any CPU
		{4B019A62-D2DA-4AE2-9589-BE770E5774CA}.Debug|Any CPU.ActiveCfg = Debug|Any CPU
		{4B019A62-D2DA-4AE2-9589-BE770E5774CA}.Debug|Any CPU.Build.0 = Debug|Any CPU
		{4B019A62-D2DA-4AE2-9589-BE770E5774CA}.Release|Any CPU.ActiveCfg = Release|Any CPU
		{4B019A62-D2DA-4AE2-9589-BE770E5774CA}.Release|Any CPU.Build.0 = Release|Any CPU
	EndGlobalSection
	GlobalSection(SolutionProperties) = preSolution
		HideSolutionNode = FALSE
	EndGlobalSection
	GlobalSection(NestedProjects) = preSolution
		{87AF9BC5-FA0B-43D4-9475-EE77BAA85486} = {DE6394CF-B0E3-414E-83AE-6FD163F0826E}
		{43D380F9-4288-4B70-9B97-6C853EDD45FB} = {4CD6754C-44A3-46DD-ACCC-06C3F79D1A89}
		{9E7A5939-DDC6-4E14-B260-E19DA4D66ED4} = {1F38D865-B3CC-4739-9B68-5D7A48EBEA85}
		{4B019A62-D2DA-4AE2-9589-BE770E5774CA} = {8ACD04DE-5DB2-49F3-B9A4-06497EE136DE}
	EndGlobalSection
	GlobalSection(ExtensibilityGlobals) = postSolution
		SolutionGuid = {D1E1C532-919E-4822-BF18-B3BE7C7A34F7}
	EndGlobalSection
EndGlobal
